// !$*UTF8*$!
{
	archiveVersion = 1;
	classes = {
	};
	objectVersion = 56;
	objects = {

/* Begin PBXBuildFile section */
		996C135C2C28F6A5009B2E89 /* main.swift in Sources */ = {isa = PBXBuildFile; fileRef = 996C135B2C28F6A5009B2E89 /* main.swift */; };
/* End PBXBuildFile section */

/* Begin PBXCopyFilesBuildPhase section */
		99F1233F2C133041007014E5 /* CopyFiles */ = {
			isa = PBXCopyFilesBuildPhase;
			buildActionMask = 2147483647;
			dstPath = /usr/share/man/man1/;
			dstSubfolderSpec = 0;
			files = (
			);
			runOnlyForDeploymentPostprocessing = 1;
		};
/* End PBXCopyFilesBuildPhase section */

/* Begin PBXFileReference section */
		996C134C2C27C99D009B2E89 /* main.swift */ = {isa = PBXFileReference; lastKnownFileType = sourcecode.swift; path = main.swift; sourceTree = "<group>"; };
		996C134F2C27F9E0009B2E89 /* main.swift */ = {isa = PBXFileReference; lastKnownFileType = sourcecode.swift; path = main.swift; sourceTree = "<group>"; };
		996C13522C27FCBC009B2E89 /* main.swift */ = {isa = PBXFileReference; lastKnownFileType = sourcecode.swift; path = main.swift; sourceTree = "<group>"; };
		996C13552C28F58A009B2E89 /* main.swift */ = {isa = PBXFileReference; lastKnownFileType = sourcecode.swift; path = main.swift; sourceTree = "<group>"; };
		996C13582C28F61D009B2E89 /* main.swift */ = {isa = PBXFileReference; lastKnownFileType = sourcecode.swift; path = main.swift; sourceTree = "<group>"; };
		996C135B2C28F6A5009B2E89 /* main.swift */ = {isa = PBXFileReference; lastKnownFileType = sourcecode.swift; path = main.swift; sourceTree = "<group>"; };
		9972817D2C25C544005B4DC7 /* main.swift */ = {isa = PBXFileReference; lastKnownFileType = sourcecode.swift; path = main.swift; sourceTree = "<group>"; };
		9972817F2C25C6A8005B4DC7 /* .gitignore */ = {isa = PBXFileReference; lastKnownFileType = text; path = .gitignore; sourceTree = "<group>"; };
		9995D03E2C26944D001240B7 /* main.swift */ = {isa = PBXFileReference; lastKnownFileType = sourcecode.swift; path = main.swift; sourceTree = "<group>"; };
		99F123412C133041007014E5 /* algorithmSwift */ = {isa = PBXFileReference; explicitFileType = "compiled.mach-o.executable"; includeInIndex = 0; path = algorithmSwift; sourceTree = BUILT_PRODUCTS_DIR; };
/* End PBXFileReference section */

/* Begin PBXFrameworksBuildPhase section */
		99F1233E2C133041007014E5 /* Frameworks */ = {
			isa = PBXFrameworksBuildPhase;
			buildActionMask = 2147483647;
			files = (
			);
			runOnlyForDeploymentPostprocessing = 0;
		};
/* End PBXFrameworksBuildPhase section */

/* Begin PBXGroup section */
		99615CE92C25C4A900DB0F00 /* Lv2_최댓값과 최솟값 */ = {
			isa = PBXGroup;
			children = (
				9972817D2C25C544005B4DC7 /* main.swift */,
			);
			name = "Lv2_최댓값과 최솟값";
			path = "Lv2_최";
			sourceTree = "<group>";
		};
		996C134B2C27C979009B2E89 /* Easy_2553_Separate the Digits in an Array */ = {
			isa = PBXGroup;
			children = (
				996C134C2C27C99D009B2E89 /* main.swift */,
			);
			path = "Easy_2553_Separate the Digits in an Array";
			sourceTree = "<group>";
		};
		996C134E2C27F9CA009B2E89 /* Easy_1518_Water Bottles */ = {
			isa = PBXGroup;
			children = (
				996C134F2C27F9E0009B2E89 /* main.swift */,
			);
			path = "Easy_1518_Water Bottles";
			sourceTree = "<group>";
		};
		996C13512C27FC8F009B2E89 /* Easy_2022_Convert 1D Array Into 2D Array */ = {
			isa = PBXGroup;
			children = (
				996C13522C27FCBC009B2E89 /* main.swift */,
			);
			path = "Easy_2022_Convert 1D Array Into 2D Array";
			sourceTree = "<group>";
		};
		996C13542C28F543009B2E89 /* Silver5_7568_덩치 */ = {
			isa = PBXGroup;
			children = (
				996C13552C28F58A009B2E89 /* main.swift */,
			);
			name = "Silver5_7568_덩치";
			path = "Silver5_7568_덩치";
			sourceTree = "<group>";
		};
		996C13572C28F601009B2E89 /* Silver4_10773_제로 */ = {
			isa = PBXGroup;
			children = (
				996C13582C28F61D009B2E89 /* main.swift */,
			);
			name = "Silver4_10773_제로";
			path = "Silver4_10773_제로";
			sourceTree = "<group>";
		};
		996C135A2C28F66E009B2E89 /* Bronze2_1159_농구 경기 */ = {
			isa = PBXGroup;
			children = (
				996C135B2C28F6A5009B2E89 /* main.swift */,
			);
			name = "Bronze2_1159_농구 경기";
			path = "Bronze2_1159_농구 경기";
			sourceTree = "<group>";
		};
		9995D03D2C269405001240B7 /* Medium_54_Spiral Matrix */ = {
			isa = PBXGroup;
			children = (
				9995D03E2C26944D001240B7 /* main.swift */,
			);
			path = "Medium_54_Spiral Matrix";
			sourceTree = "<group>";
		};
		99F123382C133041007014E5 = {
			isa = PBXGroup;
			children = (
				9972817F2C25C6A8005B4DC7 /* .gitignore */,
				99F123432C133041007014E5 /* algorithmSwift */,
				99F123422C133041007014E5 /* Products */,
			);
			sourceTree = "<group>";
		};
		99F123422C133041007014E5 /* Products */ = {
			isa = PBXGroup;
			children = (
				99F123412C133041007014E5 /* algorithmSwift */,
			);
			name = Products;
			sourceTree = "<group>";
		};
		99F123432C133041007014E5 /* algorithmSwift */ = {
			isa = PBXGroup;
			children = (
				99F757EF2C25779C00C99F63 /* LeetCode */,
				99F757EE2C25778700C99F63 /* Programmers */,
				99F757ED2C25768C00C99F63 /* BOJ */,
			);
			path = algorithmSwift;
			sourceTree = "<group>";
		};
		99F757ED2C25768C00C99F63 /* BOJ */ = {
			isa = PBXGroup;
			children = (
				996C135A2C28F66E009B2E89 /* Bronze2_1159_농구 경기 */,
				996C13572C28F601009B2E89 /* Silver4_10773_제로 */,
				996C13542C28F543009B2E89 /* Silver5_7568_덩치 */,
			);
			path = BOJ;
			sourceTree = "<group>";
		};
		99F757EE2C25778700C99F63 /* Programmers */ = {
			isa = PBXGroup;
			children = (
				99615CE92C25C4A900DB0F00 /* Lv2_최댓값과 최솟값 */,
			);
			path = Programmers;
			sourceTree = "<group>";
		};
		99F757EF2C25779C00C99F63 /* LeetCode */ = {
			isa = PBXGroup;
			children = (
				996C13512C27FC8F009B2E89 /* Easy_2022_Convert 1D Array Into 2D Array */,
				996C134E2C27F9CA009B2E89 /* Easy_1518_Water Bottles */,
				996C134B2C27C979009B2E89 /* Easy_2553_Separate the Digits in an Array */,
				9995D03D2C269405001240B7 /* Medium_54_Spiral Matrix */,
			);
			path = LeetCode;
			sourceTree = "<group>";
		};
/* End PBXGroup section */

/* Begin PBXNativeTarget section */
		99F123402C133041007014E5 /* algorithmSwift */ = {
			isa = PBXNativeTarget;
			buildConfigurationList = 99F123482C133041007014E5 /* Build configuration list for PBXNativeTarget "algorithmSwift" */;
			buildPhases = (
				99F1233D2C133041007014E5 /* Sources */,
				99F1233E2C133041007014E5 /* Frameworks */,
				99F1233F2C133041007014E5 /* CopyFiles */,
			);
			buildRules = (
			);
			dependencies = (
			);
			name = algorithmSwift;
			productName = algorithmSwift;
			productReference = 99F123412C133041007014E5 /* algorithmSwift */;
			productType = "com.apple.product-type.tool";
		};
/* End PBXNativeTarget section */

/* Begin PBXProject section */
		99F123392C133041007014E5 /* Project object */ = {
			isa = PBXProject;
			attributes = {
				BuildIndependentTargetsInParallel = 1;
				LastSwiftUpdateCheck = 1530;
				LastUpgradeCheck = 1530;
				TargetAttributes = {
					99F123402C133041007014E5 = {
						CreatedOnToolsVersion = 15.3;
						LastSwiftMigration = 1530;
					};
				};
			};
			buildConfigurationList = 99F1233C2C133041007014E5 /* Build configuration list for PBXProject "algorithmSwift" */;
			compatibilityVersion = "Xcode 14.0";
			developmentRegion = en;
			hasScannedForEncodings = 0;
			knownRegions = (
				en,
				Base,
			);
			mainGroup = 99F123382C133041007014E5;
			productRefGroup = 99F123422C133041007014E5 /* Products */;
			projectDirPath = "";
			projectRoot = "";
			targets = (
				99F123402C133041007014E5 /* algorithmSwift */,
			);
		};
/* End PBXProject section */

/* Begin PBXSourcesBuildPhase section */
		99F1233D2C133041007014E5 /* Sources */ = {
			isa = PBXSourcesBuildPhase;
			buildActionMask = 2147483647;
			files = (
				996C135C2C28F6A5009B2E89 /* main.swift in Sources */,
			);
			runOnlyForDeploymentPostprocessing = 0;
		};
/* End PBXSourcesBuildPhase section */

/* Begin XCBuildConfiguration section */
		99F123462C133041007014E5 /* Debug */ = {
			isa = XCBuildConfiguration;
			buildSettings = {
				ALWAYS_SEARCH_USER_PATHS = NO;
				ASSETCATALOG_COMPILER_GENERATE_SWIFT_ASSET_SYMBOL_EXTENSIONS = YES;
				CLANG_ANALYZER_NONNULL = YES;
				CLANG_ANALYZER_NUMBER_OBJECT_CONVERSION = YES_AGGRESSIVE;
				CLANG_CXX_LANGUAGE_STANDARD = "gnu++20";
				CLANG_ENABLE_MODULES = YES;
				CLANG_ENABLE_OBJC_ARC = YES;
				CLANG_ENABLE_OBJC_WEAK = YES;
				CLANG_WARN_BLOCK_CAPTURE_AUTORELEASING = YES;
				CLANG_WARN_BOOL_CONVERSION = YES;
				CLANG_WARN_COMMA = YES;
				CLANG_WARN_CONSTANT_CONVERSION = YES;
				CLANG_WARN_DEPRECATED_OBJC_IMPLEMENTATIONS = YES;
				CLANG_WARN_DIRECT_OBJC_ISA_USAGE = YES_ERROR;
				CLANG_WARN_DOCUMENTATION_COMMENTS = YES;
				CLANG_WARN_EMPTY_BODY = YES;
				CLANG_WARN_ENUM_CONVERSION = YES;
				CLANG_WARN_INFINITE_RECURSION = YES;
				CLANG_WARN_INT_CONVERSION = YES;
				CLANG_WARN_NON_LITERAL_NULL_CONVERSION = YES;
				CLANG_WARN_OBJC_IMPLICIT_RETAIN_SELF = YES;
				CLANG_WARN_OBJC_LITERAL_CONVERSION = YES;
				CLANG_WARN_OBJC_ROOT_CLASS = YES_ERROR;
				CLANG_WARN_QUOTED_INCLUDE_IN_FRAMEWORK_HEADER = YES;
				CLANG_WARN_RANGE_LOOP_ANALYSIS = YES;
				CLANG_WARN_STRICT_PROTOTYPES = YES;
				CLANG_WARN_SUSPICIOUS_MOVE = YES;
				CLANG_WARN_UNGUARDED_AVAILABILITY = YES_AGGRESSIVE;
				CLANG_WARN_UNREACHABLE_CODE = YES;
				CLANG_WARN__DUPLICATE_METHOD_MATCH = YES;
				COPY_PHASE_STRIP = NO;
				DEBUG_INFORMATION_FORMAT = dwarf;
				ENABLE_STRICT_OBJC_MSGSEND = YES;
				ENABLE_TESTABILITY = YES;
				ENABLE_USER_SCRIPT_SANDBOXING = YES;
				GCC_C_LANGUAGE_STANDARD = gnu17;
				GCC_DYNAMIC_NO_PIC = NO;
				GCC_NO_COMMON_BLOCKS = YES;
				GCC_OPTIMIZATION_LEVEL = 0;
				GCC_PREPROCESSOR_DEFINITIONS = (
					"DEBUG=1",
					"$(inherited)",
				);
				GCC_WARN_64_TO_32_BIT_CONVERSION = YES;
				GCC_WARN_ABOUT_RETURN_TYPE = YES_ERROR;
				GCC_WARN_UNDECLARED_SELECTOR = YES;
				GCC_WARN_UNINITIALIZED_AUTOS = YES_AGGRESSIVE;
				GCC_WARN_UNUSED_FUNCTION = YES;
				GCC_WARN_UNUSED_VARIABLE = YES;
				LOCALIZATION_PREFERS_STRING_CATALOGS = YES;
				MACOSX_DEPLOYMENT_TARGET = 14.2;
				MTL_ENABLE_DEBUG_INFO = INCLUDE_SOURCE;
				MTL_FAST_MATH = YES;
				ONLY_ACTIVE_ARCH = YES;
				SDKROOT = macosx;
				SWIFT_ACTIVE_COMPILATION_CONDITIONS = "DEBUG $(inherited)";
				SWIFT_OPTIMIZATION_LEVEL = "-Onone";
			};
			name = Debug;
		};
		99F123472C133041007014E5 /* Release */ = {
			isa = XCBuildConfiguration;
			buildSettings = {
				ALWAYS_SEARCH_USER_PATHS = NO;
				ASSETCATALOG_COMPILER_GENERATE_SWIFT_ASSET_SYMBOL_EXTENSIONS = YES;
				CLANG_ANALYZER_NONNULL = YES;
				CLANG_ANALYZER_NUMBER_OBJECT_CONVERSION = YES_AGGRESSIVE;
				CLANG_CXX_LANGUAGE_STANDARD = "gnu++20";
				CLANG_ENABLE_MODULES = YES;
				CLANG_ENABLE_OBJC_ARC = YES;
				CLANG_ENABLE_OBJC_WEAK = YES;
				CLANG_WARN_BLOCK_CAPTURE_AUTORELEASING = YES;
				CLANG_WARN_BOOL_CONVERSION = YES;
				CLANG_WARN_COMMA = YES;
				CLANG_WARN_CONSTANT_CONVERSION = YES;
				CLANG_WARN_DEPRECATED_OBJC_IMPLEMENTATIONS = YES;
				CLANG_WARN_DIRECT_OBJC_ISA_USAGE = YES_ERROR;
				CLANG_WARN_DOCUMENTATION_COMMENTS = YES;
				CLANG_WARN_EMPTY_BODY = YES;
				CLANG_WARN_ENUM_CONVERSION = YES;
				CLANG_WARN_INFINITE_RECURSION = YES;
				CLANG_WARN_INT_CONVERSION = YES;
				CLANG_WARN_NON_LITERAL_NULL_CONVERSION = YES;
				CLANG_WARN_OBJC_IMPLICIT_RETAIN_SELF = YES;
				CLANG_WARN_OBJC_LITERAL_CONVERSION = YES;
				CLANG_WARN_OBJC_ROOT_CLASS = YES_ERROR;
				CLANG_WARN_QUOTED_INCLUDE_IN_FRAMEWORK_HEADER = YES;
				CLANG_WARN_RANGE_LOOP_ANALYSIS = YES;
				CLANG_WARN_STRICT_PROTOTYPES = YES;
				CLANG_WARN_SUSPICIOUS_MOVE = YES;
				CLANG_WARN_UNGUARDED_AVAILABILITY = YES_AGGRESSIVE;
				CLANG_WARN_UNREACHABLE_CODE = YES;
				CLANG_WARN__DUPLICATE_METHOD_MATCH = YES;
				COPY_PHASE_STRIP = NO;
				DEBUG_INFORMATION_FORMAT = "dwarf-with-dsym";
				ENABLE_NS_ASSERTIONS = NO;
				ENABLE_STRICT_OBJC_MSGSEND = YES;
				ENABLE_USER_SCRIPT_SANDBOXING = YES;
				GCC_C_LANGUAGE_STANDARD = gnu17;
				GCC_NO_COMMON_BLOCKS = YES;
				GCC_WARN_64_TO_32_BIT_CONVERSION = YES;
				GCC_WARN_ABOUT_RETURN_TYPE = YES_ERROR;
				GCC_WARN_UNDECLARED_SELECTOR = YES;
				GCC_WARN_UNINITIALIZED_AUTOS = YES_AGGRESSIVE;
				GCC_WARN_UNUSED_FUNCTION = YES;
				GCC_WARN_UNUSED_VARIABLE = YES;
				LOCALIZATION_PREFERS_STRING_CATALOGS = YES;
				MACOSX_DEPLOYMENT_TARGET = 14.2;
				MTL_ENABLE_DEBUG_INFO = NO;
				MTL_FAST_MATH = YES;
				SDKROOT = macosx;
				SWIFT_COMPILATION_MODE = wholemodule;
			};
			name = Release;
		};
		99F123492C133041007014E5 /* Debug */ = {
			isa = XCBuildConfiguration;
			buildSettings = {
				CLANG_ENABLE_MODULES = YES;
				CODE_SIGN_STYLE = Automatic;
				DEVELOPMENT_TEAM = 58WB3GG22A;
				ENABLE_HARDENED_RUNTIME = YES;
				PRODUCT_NAME = "$(TARGET_NAME)";
				SWIFT_OPTIMIZATION_LEVEL = "-Onone";
				SWIFT_VERSION = 5.0;
			};
			name = Debug;
		};
		99F1234A2C133041007014E5 /* Release */ = {
			isa = XCBuildConfiguration;
			buildSettings = {
				CLANG_ENABLE_MODULES = YES;
				CODE_SIGN_STYLE = Automatic;
				DEVELOPMENT_TEAM = 58WB3GG22A;
				ENABLE_HARDENED_RUNTIME = YES;
				PRODUCT_NAME = "$(TARGET_NAME)";
				SWIFT_VERSION = 5.0;
			};
			name = Release;
		};
/* End XCBuildConfiguration section */

/* Begin XCConfigurationList section */
		99F1233C2C133041007014E5 /* Build configuration list for PBXProject "algorithmSwift" */ = {
			isa = XCConfigurationList;
			buildConfigurations = (
				99F123462C133041007014E5 /* Debug */,
				99F123472C133041007014E5 /* Release */,
			);
			defaultConfigurationIsVisible = 0;
			defaultConfigurationName = Release;
		};
		99F123482C133041007014E5 /* Build configuration list for PBXNativeTarget "algorithmSwift" */ = {
			isa = XCConfigurationList;
			buildConfigurations = (
				99F123492C133041007014E5 /* Debug */,
				99F1234A2C133041007014E5 /* Release */,
			);
			defaultConfigurationIsVisible = 0;
			defaultConfigurationName = Release;
		};
/* End XCConfigurationList section */
	};
	rootObject = 99F123392C133041007014E5 /* Project object */;
}
